
Microsoft Visual Studio Solution File, Format Version 12.00
# Visual Studio Version 17
VisualStudioVersion = 17.5.33502.453
MinimumVisualStudioVersion = 10.0.40219.1
Project("{FAE04EC0-301F-11D3-BF4B-00C04F79EFBC}") = "Authentication.Web", "Authentication.Web\Authentication.Web.csproj", "{A53391CA-8D12-48C0-A5C2-83E9C31AC102}"
EndProject
Global
	GlobalSection(SolutionConfigurationPlatforms) = preSolution
		Debug|Any CPU = Debug|Any CPU
		Release|Any CPU = Release|Any CPU
	EndGlobalSection
	GlobalSection(ProjectConfigurationPlatforms) = postSolution
		{A53391CA-8D12-48C0-A5C2-83E9C31AC102}.Debug|Any CPU.ActiveCfg = Debug|Any CPU
		{A53391CA-8D12-48C0-A5C2-83E9C31AC102}.Debug|Any CPU.Build.0 = Debug|Any CPU
		{A53391CA-8D12-48C0-A5C2-83E9C31AC102}.Release|Any CPU.ActiveCfg = Release|Any CPU
		{A53391CA-8D12-48C0-A5C2-83E9C31AC102}.Release|Any CPU.Build.0 = Release|Any CPU
	EndGlobalSection
	GlobalSection(SolutionProperties) = preSolution
		HideSolutionNode = FALSE
	EndGlobalSection
	GlobalSection(ExtensibilityGlobals) = postSolution
		SolutionGuid = {8F4C5D36-F383-4049-84AB-4ADCC9809750}
	EndGlobalSection
EndGlobal
